
Microsoft Visual Studio Solution File, Format Version 12.00
# Visual Studio Version 17
VisualStudioVersion = 17.9.34701.34
MinimumVisualStudioVersion = 10.0.40219.1
Project("{8BC9CEB8-8B4A-11D0-8D11-00A0C91BC942}") = "Derevo", "Derevo\Derevo.vcxproj", "{FA64CCFE-51FA-462C-8FBD-B59D8D63FD13}"
EndProject
Global
	GlobalSection(SolutionConfigurationPlatforms) = preSolution
		Debug|x64 = Debug|x64
		Debug|x86 = Debug|x86
		Release|x64 = Release|x64
		Release|x86 = Release|x86
	EndGlobalSection
	GlobalSection(ProjectConfigurationPlatforms) = postSolution
		{FA64CCFE-51FA-462C-8FBD-B59D8D63FD13}.Debug|x64.ActiveCfg = Debug|x64
		{FA64CCFE-51FA-462C-8FBD-B59D8D63FD13}.Debug|x64.Build.0 = Debug|x64
		{FA64CCFE-51FA-462C-8FBD-B59D8D63FD13}.Debug|x86.ActiveCfg = Debug|Win32
		{FA64CCFE-51FA-462C-8FBD-B59D8D63FD13}.Debug|x86.Build.0 = Debug|Win32
		{FA64CCFE-51FA-462C-8FBD-B59D8D63FD13}.Release|x64.ActiveCfg = Release|x64
		{FA64CCFE-51FA-462C-8FBD-B59D8D63FD13}.Release|x64.Build.0 = Release|x64
		{FA64CCFE-51FA-462C-8FBD-B59D8D63FD13}.Release|x86.ActiveCfg = Release|Win32
		{FA64CCFE-51FA-462C-8FBD-B59D8D63FD13}.Release|x86.Build.0 = Release|Win32
	EndGlobalSection
	GlobalSection(SolutionProperties) = preSolution
		HideSolutionNode = FALSE
	EndGlobalSection
	GlobalSection(ExtensibilityGlobals) = postSolution
		SolutionGuid = {A0DA8308-242A-4DDF-A4E6-7ED572ACF44B}
	EndGlobalSection
EndGlobal
